
Microsoft Visual Studio Solution File, Format Version 12.00
# Visual Studio Version 16
VisualStudioVersion = 16.0.31702.278
MinimumVisualStudioVersion = 10.0.40219.1
Project("{FAE04EC0-301F-11D3-BF4B-00C04F79EFBC}") = "Reitumetse_Moloto_Question1", "Reitumetse_Moloto_Question1.csproj", "{7A424819-7F5B-4560-9445-A3D772420D8B}"
EndProject
Global
	GlobalSection(SolutionConfigurationPlatforms) = preSolution
		Debug|Any CPU = Debug|Any CPU
		Release|Any CPU = Release|Any CPU
	EndGlobalSection
	GlobalSection(ProjectConfigurationPlatforms) = postSolution
		{7A424819-7F5B-4560-9445-A3D772420D8B}.Debug|Any CPU.ActiveCfg = Debug|Any CPU
		{7A424819-7F5B-4560-9445-A3D772420D8B}.Debug|Any CPU.Build.0 = Debug|Any CPU
		{7A424819-7F5B-4560-9445-A3D772420D8B}.Release|Any CPU.ActiveCfg = Release|Any CPU
		{7A424819-7F5B-4560-9445-A3D772420D8B}.Release|Any CPU.Build.0 = Release|Any CPU
	EndGlobalSection
	GlobalSection(SolutionProperties) = preSolution
		HideSolutionNode = FALSE
	EndGlobalSection
	GlobalSection(ExtensibilityGlobals) = postSolution
		SolutionGuid = {BE90D4D2-9392-4378-8F25-45DE4204C1C2}
	EndGlobalSection
EndGlobal
